
Microsoft Visual Studio Solution File, Format Version 12.00
# Visual Studio Version 16
VisualStudioVersion = 16.0.31112.23
MinimumVisualStudioVersion = 10.0.40219.1
Project("{FAE04EC0-301F-11D3-BF4B-00C04F79EFBC}") = "CarManufacturer", "CarManufacturer\CarManufacturer.csproj", "{369EF023-1A89-43A7-8557-4900EAFBF87A}"
EndProject
Global
	GlobalSection(SolutionConfigurationPlatforms) = preSolution
		Debug|Any CPU = Debug|Any CPU
		Release|Any CPU = Release|Any CPU
	EndGlobalSection
	GlobalSection(ProjectConfigurationPlatforms) = postSolution
		{369EF023-1A89-43A7-8557-4900EAFBF87A}.Debug|Any CPU.ActiveCfg = Debug|Any CPU
		{369EF023-1A89-43A7-8557-4900EAFBF87A}.Debug|Any CPU.Build.0 = Debug|Any CPU
		{369EF023-1A89-43A7-8557-4900EAFBF87A}.Release|Any CPU.ActiveCfg = Release|Any CPU
		{369EF023-1A89-43A7-8557-4900EAFBF87A}.Release|Any CPU.Build.0 = Release|Any CPU
	EndGlobalSection
	GlobalSection(SolutionProperties) = preSolution
		HideSolutionNode = FALSE
	EndGlobalSection
	GlobalSection(ExtensibilityGlobals) = postSolution
		SolutionGuid = {C7743EC7-72BE-4446-A181-E2A577155A9E}
	EndGlobalSection
EndGlobal
